
Microsoft Visual Studio Solution File, Format Version 12.00
# Visual Studio Version 16
VisualStudioVersion = 16.0.30413.136
MinimumVisualStudioVersion = 10.0.40219.1
Project("{FAE04EC0-301F-11D3-BF4B-00C04F79EFBC}") = "Examples", "Examples\Examples.csproj", "{9711806B-8E5C-401D-BF5E-8C84F5EDAF71}"
EndProject
Global
	GlobalSection(SolutionConfigurationPlatforms) = preSolution
		Debug|Any CPU = Debug|Any CPU
		Release|Any CPU = Release|Any CPU
	EndGlobalSection
	GlobalSection(ProjectConfigurationPlatforms) = postSolution
		{9711806B-8E5C-401D-BF5E-8C84F5EDAF71}.Debug|Any CPU.ActiveCfg = Debug|Any CPU
		{9711806B-8E5C-401D-BF5E-8C84F5EDAF71}.Debug|Any CPU.Build.0 = Debug|Any CPU
		{9711806B-8E5C-401D-BF5E-8C84F5EDAF71}.Release|Any CPU.ActiveCfg = Release|Any CPU
		{9711806B-8E5C-401D-BF5E-8C84F5EDAF71}.Release|Any CPU.Build.0 = Release|Any CPU
	EndGlobalSection
	GlobalSection(SolutionProperties) = preSolution
		HideSolutionNode = FALSE
	EndGlobalSection
	GlobalSection(ExtensibilityGlobals) = postSolution
		SolutionGuid = {CF398216-6201-4BF2-B85D-258CD3D1AF4B}
	EndGlobalSection
EndGlobal
